
Microsoft Visual Studio Solution File, Format Version 12.00
# Visual Studio 2015
Project("{FAE04EC0-301F-11D3-BF4B-00C04F79EFBC}") = "UnityVS.UnityToolDist.CSharp.Editor", "UnityVS.UnityToolDist.CSharp.Editor.csproj", "{792B9D95-53D9-C6A3-64B7-B5DFB1A25ACB}"
EndProject
Global
	GlobalSection(SolutionConfigurationPlatforms) = preSolution
		Debug|Any CPU = Debug|Any CPU
		Release|Any CPU = Release|Any CPU
	EndGlobalSection
	GlobalSection(ProjectConfigurationPlatforms) = postSolution
		{792B9D95-53D9-C6A3-64B7-B5DFB1A25ACB}.Debug|Any CPU.ActiveCfg = Debug|Any CPU
		{792B9D95-53D9-C6A3-64B7-B5DFB1A25ACB}.Debug|Any CPU.Build.0 = Debug|Any CPU
		{792B9D95-53D9-C6A3-64B7-B5DFB1A25ACB}.Release|Any CPU.ActiveCfg = Release|Any CPU
		{792B9D95-53D9-C6A3-64B7-B5DFB1A25ACB}.Release|Any CPU.Build.0 = Release|Any CPU
	EndGlobalSection
	GlobalSection(SolutionProperties) = preSolution
		HideSolutionNode = FALSE
	EndGlobalSection
EndGlobal
